{
  "originHash" : "e584a2904f8adad2cb14e1942115998b18dc0edf8dd4cf413e7c418de65bddb3",
  "pins" : [
    {
      "identity" : "cryptoswift",
      "kind" : "remoteSourceControl",
      "location" : "https://github.com/krzyzanowskim/CryptoSwift.git",
      "state" : {
        "revision" : "729e01bc9b9dab466ac85f21fb9ee2bc1c61b258",
        "version" : "1.8.4"
      }
    },
    {
      "identity" : "nostr-sdk-ios",
      "kind" : "remoteSourceControl",
      "location" : "https://github.com/nostr-sdk/nostr-sdk-ios",
      "state" : {
        "revision" : "e453d2793c15ebdb9ae20f27416e398ba6142bb3",
        "version" : "0.3.0"
      }
    },
    {
      "identity" : "secp256k1.swift",
      "kind" : "remoteSourceControl",
      "location" : "https://github.com/GigaBitcoin/secp256k1.swift",
      "state" : {
        "revision" : "1a14e189def5eaa92f839afdd2faad8e43b61a6e",
        "version" : "0.12.2"
      }
    },
    {
      "identity" : "swift-collections",
      "kind" : "remoteSourceControl",
      "location" : "https://github.com/apple/swift-collections.git",
      "state" : {
        "revision" : "c1805596154bb3a265fd91b8ac0c4433b4348fb0",
        "version" : "1.2.0"
      }
    }
  ],
  "version" : 3
}
